
Microsoft Visual Studio Solution File, Format Version 12.00
# Visual Studio Version 16
VisualStudioVersion = 16.0.29318.209
MinimumVisualStudioVersion = 10.0.40219.1
Project("{9A19103F-16F7-4668-BE54-9A1E7A4F7556}") = "DAL", "DAL\DAL.csproj", "{94085037-9177-49DA-BD56-553EFCF9BBEF}"
EndProject
Project("{9A19103F-16F7-4668-BE54-9A1E7A4F7556}") = "DTO", "DTO\DTO.csproj", "{237962CC-F2CE-43B6-87D1-1E0BCE1C5A09}"
EndProject
Project("{FAE04EC0-301F-11D3-BF4B-00C04F79EFBC}") = "BLL", "BLL\BLL.csproj", "{02D0B3A1-64C8-48CA-A3DB-A0CDF94FE2A6}"
EndProject
Project("{FAE04EC0-301F-11D3-BF4B-00C04F79EFBC}") = "WebApi", "WebApi\WebApi.csproj", "{CF6B85C0-7B01-4B7C-8B08-A30D00988601}"
EndProject
Global
	GlobalSection(SolutionConfigurationPlatforms) = preSolution
		Debug|Any CPU = Debug|Any CPU
		Release|Any CPU = Release|Any CPU
	EndGlobalSection
	GlobalSection(ProjectConfigurationPlatforms) = postSolution
		{94085037-9177-49DA-BD56-553EFCF9BBEF}.Debug|Any CPU.ActiveCfg = Debug|Any CPU
		{94085037-9177-49DA-BD56-553EFCF9BBEF}.Debug|Any CPU.Build.0 = Debug|Any CPU
		{94085037-9177-49DA-BD56-553EFCF9BBEF}.Release|Any CPU.ActiveCfg = Release|Any CPU
		{94085037-9177-49DA-BD56-553EFCF9BBEF}.Release|Any CPU.Build.0 = Release|Any CPU
		{237962CC-F2CE-43B6-87D1-1E0BCE1C5A09}.Debug|Any CPU.ActiveCfg = Debug|Any CPU
		{237962CC-F2CE-43B6-87D1-1E0BCE1C5A09}.Debug|Any CPU.Build.0 = Debug|Any CPU
		{237962CC-F2CE-43B6-87D1-1E0BCE1C5A09}.Release|Any CPU.ActiveCfg = Release|Any CPU
		{237962CC-F2CE-43B6-87D1-1E0BCE1C5A09}.Release|Any CPU.Build.0 = Release|Any CPU
		{02D0B3A1-64C8-48CA-A3DB-A0CDF94FE2A6}.Debug|Any CPU.ActiveCfg = Debug|Any CPU
		{02D0B3A1-64C8-48CA-A3DB-A0CDF94FE2A6}.Debug|Any CPU.Build.0 = Debug|Any CPU
		{02D0B3A1-64C8-48CA-A3DB-A0CDF94FE2A6}.Release|Any CPU.ActiveCfg = Release|Any CPU
		{02D0B3A1-64C8-48CA-A3DB-A0CDF94FE2A6}.Release|Any CPU.Build.0 = Release|Any CPU
		{CF6B85C0-7B01-4B7C-8B08-A30D00988601}.Debug|Any CPU.ActiveCfg = Debug|Any CPU
		{CF6B85C0-7B01-4B7C-8B08-A30D00988601}.Debug|Any CPU.Build.0 = Debug|Any CPU
		{CF6B85C0-7B01-4B7C-8B08-A30D00988601}.Release|Any CPU.ActiveCfg = Release|Any CPU
		{CF6B85C0-7B01-4B7C-8B08-A30D00988601}.Release|Any CPU.Build.0 = Release|Any CPU
	EndGlobalSection
	GlobalSection(SolutionProperties) = preSolution
		HideSolutionNode = FALSE
	EndGlobalSection
	GlobalSection(ExtensibilityGlobals) = postSolution
		SolutionGuid = {789CC7B6-E604-4B9B-A634-5BC14C27E302}
	EndGlobalSection
EndGlobal
